{
  "name": "yj-univerify-login",
  "version": "1.0.0",
  "lockfileVersion": 3,
  "requires": true,
  "packages": {
    "": {
      "name": "yj-univerify-login",
      "version": "1.0.0",
      "dependencies": {
        "uni-config-center": "file:../common/uni-config-center"
      }
    },
    "../common/uni-config-center": {
      "version": "0.0.3",
      "license": "Apache-2.0"
    },
    "node_modules/uni-config-center": {
      "resolved": "../common/uni-config-center",
      "link": true
    }
  }
}
